// !$*UTF8*$!
{
	archiveVersion = 1;
	classes = {
	};
	objectVersion = 46;
	objects = {

/* Begin PBXBuildFile section */
		A0107DD11B0BAC76007B94C6 /* ProcessManager.m in Sources */ = {isa = PBXBuildFile; fileRef = A0107DD01B0BAC76007B94C6 /* ProcessManager.m */; };
		A01FE4391B0938FA00E81F0B /* SetupPPViewController.m in Sources */ = {isa = PBXBuildFile; fileRef = A01FE4381B0938FA00E81F0B /* SetupPPViewController.m */; };
		A01FE43E1B0942CD00E81F0B /* SwipeView.m in Sources */ = {isa = PBXBuildFile; fileRef = A01FE43D1B0942CD00E81F0B /* SwipeView.m */; };
		A02B23291B0B780500A66981 /* ProcessTimeSetupViewController.m in Sources */ = {isa = PBXBuildFile; fileRef = A02B23281B0B780500A66981 /* ProcessTimeSetupViewController.m */; };
		A05DD8151B0925670045D2F9 /* main.m in Sources */ = {isa = PBXBuildFile; fileRef = A05DD8141B0925670045D2F9 /* main.m */; };
		A05DD8181B0925670045D2F9 /* AppDelegate.m in Sources */ = {isa = PBXBuildFile; fileRef = A05DD8171B0925670045D2F9 /* AppDelegate.m */; };
		A05DD81B1B0925670045D2F9 /* ViewController.m in Sources */ = {isa = PBXBuildFile; fileRef = A05DD81A1B0925670045D2F9 /* ViewController.m */; };
		A05DD81E1B0925670045D2F9 /* Main.storyboard in Resources */ = {isa = PBXBuildFile; fileRef = A05DD81C1B0925670045D2F9 /* Main.storyboard */; };
		A05DD8201B0925670045D2F9 /* Images.xcassets in Resources */ = {isa = PBXBuildFile; fileRef = A05DD81F1B0925670045D2F9 /* Images.xcassets */; };
		A05DD8231B0925670045D2F9 /* LaunchScreen.xib in Resources */ = {isa = PBXBuildFile; fileRef = A05DD8211B0925670045D2F9 /* LaunchScreen.xib */; };
		A05DD82F1B0925670045D2F9 /* Process_PlanningTests.m in Sources */ = {isa = PBXBuildFile; fileRef = A05DD82E1B0925670045D2F9 /* Process_PlanningTests.m */; };
		A0BCAE511B0A592E00F431E7 /* ProcessListViewController.m in Sources */ = {isa = PBXBuildFile; fileRef = A0BCAE501B0A592E00F431E7 /* ProcessListViewController.m */; };
		D9B8BE5880AF913E0CBF4AF8 /* libPods-Process Planning.a in Frameworks */ = {isa = PBXBuildFile; fileRef = F74E838B9081EA3EAD80A848 /* libPods-Process Planning.a */; };
/* End PBXBuildFile section */

/* Begin PBXContainerItemProxy section */
		A05DD8291B0925670045D2F9 /* PBXContainerItemProxy */ = {
			isa = PBXContainerItemProxy;
			containerPortal = A05DD8071B0925670045D2F9 /* Project object */;
			proxyType = 1;
			remoteGlobalIDString = A05DD80E1B0925670045D2F9;
			remoteInfo = "Process Planning";
		};
/* End PBXContainerItemProxy section */

/* Begin PBXFileReference section */
		A0107DCF1B0BAC76007B94C6 /* ProcessManager.h */ = {isa = PBXFileReference; fileEncoding = 4; lastKnownFileType = sourcecode.c.h; path = ProcessManager.h; sourceTree = "<group>"; };
		A0107DD01B0BAC76007B94C6 /* ProcessManager.m */ = {isa = PBXFileReference; fileEncoding = 4; lastKnownFileType = sourcecode.c.objc; path = ProcessManager.m; sourceTree = "<group>"; };
		A01FE4371B0938FA00E81F0B /* SetupPPViewController.h */ = {isa = PBXFileReference; fileEncoding = 4; lastKnownFileType = sourcecode.c.h; path = SetupPPViewController.h; sourceTree = "<group>"; };
		A01FE4381B0938FA00E81F0B /* SetupPPViewController.m */ = {isa = PBXFileReference; fileEncoding = 4; lastKnownFileType = sourcecode.c.objc; path = SetupPPViewController.m; sourceTree = "<group>"; };
		A01FE43C1B0942CD00E81F0B /* SwipeView.h */ = {isa = PBXFileReference; fileEncoding = 4; lastKnownFileType = sourcecode.c.h; path = SwipeView.h; sourceTree = "<group>"; };
		A01FE43D1B0942CD00E81F0B /* SwipeView.m */ = {isa = PBXFileReference; fileEncoding = 4; lastKnownFileType = sourcecode.c.objc; path = SwipeView.m; sourceTree = "<group>"; };
		A02B23271B0B780500A66981 /* ProcessTimeSetupViewController.h */ = {isa = PBXFileReference; fileEncoding = 4; lastKnownFileType = sourcecode.c.h; path = ProcessTimeSetupViewController.h; sourceTree = "<group>"; };
		A02B23281B0B780500A66981 /* ProcessTimeSetupViewController.m */ = {isa = PBXFileReference; fileEncoding = 4; lastKnownFileType = sourcecode.c.objc; path = ProcessTimeSetupViewController.m; sourceTree = "<group>"; };
		A05DD80F1B0925670045D2F9 /* Process Planning.app */ = {isa = PBXFileReference; explicitFileType = wrapper.application; includeInIndex = 0; path = "Process Planning.app"; sourceTree = BUILT_PRODUCTS_DIR; };
		A05DD8131B0925670045D2F9 /* Info.plist */ = {isa = PBXFileReference; lastKnownFileType = text.plist.xml; path = Info.plist; sourceTree = "<group>"; };
		A05DD8141B0925670045D2F9 /* main.m */ = {isa = PBXFileReference; lastKnownFileType = sourcecode.c.objc; path = main.m; sourceTree = "<group>"; };
		A05DD8161B0925670045D2F9 /* AppDelegate.h */ = {isa = PBXFileReference; lastKnownFileType = sourcecode.c.h; path = AppDelegate.h; sourceTree = "<group>"; };
		A05DD8171B0925670045D2F9 /* AppDelegate.m */ = {isa = PBXFileReference; lastKnownFileType = sourcecode.c.objc; path = AppDelegate.m; sourceTree = "<group>"; };
		A05DD8191B0925670045D2F9 /* ViewController.h */ = {isa = PBXFileReference; lastKnownFileType = sourcecode.c.h; path = ViewController.h; sourceTree = "<group>"; };
		A05DD81A1B0925670045D2F9 /* ViewController.m */ = {isa = PBXFileReference; lastKnownFileType = sourcecode.c.objc; path = ViewController.m; sourceTree = "<group>"; };
		A05DD81D1B0925670045D2F9 /* Base */ = {isa = PBXFileReference; lastKnownFileType = file.storyboard; name = Base; path = Base.lproj/Main.storyboard; sourceTree = "<group>"; };
		A05DD81F1B0925670045D2F9 /* Images.xcassets */ = {isa = PBXFileReference; lastKnownFileType = folder.assetcatalog; path = Images.xcassets; sourceTree = "<group>"; };
		A05DD8221B0925670045D2F9 /* Base */ = {isa = PBXFileReference; lastKnownFileType = file.xib; name = Base; path = Base.lproj/LaunchScreen.xib; sourceTree = "<group>"; };
		A05DD8281B0925670045D2F9 /* Process PlanningTests.xctest */ = {isa = PBXFileReference; explicitFileType = wrapper.cfbundle; includeInIndex = 0; path = "Process PlanningTests.xctest"; sourceTree = BUILT_PRODUCTS_DIR; };
		A05DD82D1B0925670045D2F9 /* Info.plist */ = {isa = PBXFileReference; lastKnownFileType = text.plist.xml; path = Info.plist; sourceTree = "<group>"; };
		A05DD82E1B0925670045D2F9 /* Process_PlanningTests.m */ = {isa = PBXFileReference; lastKnownFileType = sourcecode.c.objc; path = Process_PlanningTests.m; sourceTree = "<group>"; };
		A0BCAE4F1B0A592E00F431E7 /* ProcessListViewController.h */ = {isa = PBXFileReference; fileEncoding = 4; lastKnownFileType = sourcecode.c.h; path = ProcessListViewController.h; sourceTree = "<group>"; };
		A0BCAE501B0A592E00F431E7 /* ProcessListViewController.m */ = {isa = PBXFileReference; fileEncoding = 4; lastKnownFileType = sourcecode.c.objc; path = ProcessListViewController.m; sourceTree = "<group>"; };
		A38D0E2FF5DA86A1E8A51624 /* Pods-Process Planning.debug.xcconfig */ = {isa = PBXFileReference; includeInIndex = 1; lastKnownFileType = text.xcconfig; name = "Pods-Process Planning.debug.xcconfig"; path = "Pods/Target Support Files/Pods-Process Planning/Pods-Process Planning.debug.xcconfig"; sourceTree = "<group>"; };
		F391FB89EEC914A578D7DBFC /* Pods-Process Planning.release.xcconfig */ = {isa = PBXFileReference; includeInIndex = 1; lastKnownFileType = text.xcconfig; name = "Pods-Process Planning.release.xcconfig"; path = "Pods/Target Support Files/Pods-Process Planning/Pods-Process Planning.release.xcconfig"; sourceTree = "<group>"; };
		F74E838B9081EA3EAD80A848 /* libPods-Process Planning.a */ = {isa = PBXFileReference; explicitFileType = archive.ar; includeInIndex = 0; path = "libPods-Process Planning.a"; sourceTree = BUILT_PRODUCTS_DIR; };
/* End PBXFileReference section */

/* Begin PBXFrameworksBuildPhase section */
		A05DD80C1B0925670045D2F9 /* Frameworks */ = {
			isa = PBXFrameworksBuildPhase;
			buildActionMask = 2147483647;
			files = (
				D9B8BE5880AF913E0CBF4AF8 /* libPods-Process Planning.a in Frameworks */,
			);
			runOnlyForDeploymentPostprocessing = 0;
		};
		A05DD8251B0925670045D2F9 /* Frameworks */ = {
			isa = PBXFrameworksBuildPhase;
			buildActionMask = 2147483647;
			files = (
			);
			runOnlyForDeploymentPostprocessing = 0;
		};
/* End PBXFrameworksBuildPhase section */

/* Begin PBXGroup section */
		390BB2A196D9A15872DF572C /* Frameworks */ = {
			isa = PBXGroup;
			children = (
				F74E838B9081EA3EAD80A848 /* libPods-Process Planning.a */,
			);
			name = Frameworks;
			sourceTree = "<group>";
		};
		A0107DCE1B0BABE9007B94C6 /* Class */ = {
			isa = PBXGroup;
			children = (
				A0107DCF1B0BAC76007B94C6 /* ProcessManager.h */,
				A0107DD01B0BAC76007B94C6 /* ProcessManager.m */,
			);
			name = Class;
			sourceTree = "<group>";
		};
		A01FE4361B0938D600E81F0B /* SetupPPViewController */ = {
			isa = PBXGroup;
			children = (
				A01FE4371B0938FA00E81F0B /* SetupPPViewController.h */,
				A01FE4381B0938FA00E81F0B /* SetupPPViewController.m */,
			);
			name = SetupPPViewController;
			sourceTree = "<group>";
		};
		A01FE43A1B0942BC00E81F0B /* Library */ = {
			isa = PBXGroup;
			children = (
				A01FE43B1B0942C200E81F0B /* SwipeView */,
			);
			name = Library;
			sourceTree = "<group>";
		};
		A01FE43B1B0942C200E81F0B /* SwipeView */ = {
			isa = PBXGroup;
			children = (
				A01FE43C1B0942CD00E81F0B /* SwipeView.h */,
				A01FE43D1B0942CD00E81F0B /* SwipeView.m */,
			);
			name = SwipeView;
			sourceTree = "<group>";
		};
		A02B23261B0B77DA00A66981 /* ProcessTimeSetupViewController */ = {
			isa = PBXGroup;
			children = (
				A02B23271B0B780500A66981 /* ProcessTimeSetupViewController.h */,
				A02B23281B0B780500A66981 /* ProcessTimeSetupViewController.m */,
			);
			name = ProcessTimeSetupViewController;
			sourceTree = "<group>";
		};
		A05DD8061B0925670045D2F9 = {
			isa = PBXGroup;
			children = (
				A05DD8111B0925670045D2F9 /* Process Planning */,
				A05DD82B1B0925670045D2F9 /* Process PlanningTests */,
				A05DD8101B0925670045D2F9 /* Products */,
				A8E7507DCD9868BACB76F986 /* Pods */,
				390BB2A196D9A15872DF572C /* Frameworks */,
			);
			sourceTree = "<group>";
		};
		A05DD8101B0925670045D2F9 /* Products */ = {
			isa = PBXGroup;
			children = (
				A05DD80F1B0925670045D2F9 /* Process Planning.app */,
				A05DD8281B0925670045D2F9 /* Process PlanningTests.xctest */,
			);
			name = Products;
			sourceTree = "<group>";
		};
		A05DD8111B0925670045D2F9 /* Process Planning */ = {
			isa = PBXGroup;
			children = (
				A0107DCE1B0BABE9007B94C6 /* Class */,
				A01FE43A1B0942BC00E81F0B /* Library */,
				A05DD8161B0925670045D2F9 /* AppDelegate.h */,
				A05DD8171B0925670045D2F9 /* AppDelegate.m */,
				A05DD8381B09256C0045D2F9 /* ViewControllers */,
				A05DD81C1B0925670045D2F9 /* Main.storyboard */,
				A05DD81F1B0925670045D2F9 /* Images.xcassets */,
				A05DD8211B0925670045D2F9 /* LaunchScreen.xib */,
				A05DD8121B0925670045D2F9 /* Supporting Files */,
			);
			path = "Process Planning";
			sourceTree = "<group>";
		};
		A05DD8121B0925670045D2F9 /* Supporting Files */ = {
			isa = PBXGroup;
			children = (
				A05DD8131B0925670045D2F9 /* Info.plist */,
				A05DD8141B0925670045D2F9 /* main.m */,
			);
			name = "Supporting Files";
			sourceTree = "<group>";
		};
		A05DD82B1B0925670045D2F9 /* Process PlanningTests */ = {
			isa = PBXGroup;
			children = (
				A05DD82E1B0925670045D2F9 /* Process_PlanningTests.m */,
				A05DD82C1B0925670045D2F9 /* Supporting Files */,
			);
			path = "Process PlanningTests";
			sourceTree = "<group>";
		};
		A05DD82C1B0925670045D2F9 /* Supporting Files */ = {
			isa = PBXGroup;
			children = (
				A05DD82D1B0925670045D2F9 /* Info.plist */,
			);
			name = "Supporting Files";
			sourceTree = "<group>";
		};
		A05DD8381B09256C0045D2F9 /* ViewControllers */ = {
			isa = PBXGroup;
			children = (
				A02B23261B0B77DA00A66981 /* ProcessTimeSetupViewController */,
				A0BCAE4B1B0A52FE00F431E7 /* ProcessListViewController */,
				A01FE4361B0938D600E81F0B /* SetupPPViewController */,
				A05DD8391B0925760045D2F9 /* WalkhtroughViewController */,
			);
			name = ViewControllers;
			sourceTree = "<group>";
		};
		A05DD8391B0925760045D2F9 /* WalkhtroughViewController */ = {
			isa = PBXGroup;
			children = (
				A05DD8191B0925670045D2F9 /* ViewController.h */,
				A05DD81A1B0925670045D2F9 /* ViewController.m */,
			);
			name = WalkhtroughViewController;
			sourceTree = "<group>";
		};
		A0BCAE4B1B0A52FE00F431E7 /* ProcessListViewController */ = {
			isa = PBXGroup;
			children = (
				A0BCAE4F1B0A592E00F431E7 /* ProcessListViewController.h */,
				A0BCAE501B0A592E00F431E7 /* ProcessListViewController.m */,
			);
			name = ProcessListViewController;
			sourceTree = "<group>";
		};
		A8E7507DCD9868BACB76F986 /* Pods */ = {
			isa = PBXGroup;
			children = (
				A38D0E2FF5DA86A1E8A51624 /* Pods-Process Planning.debug.xcconfig */,
				F391FB89EEC914A578D7DBFC /* Pods-Process Planning.release.xcconfig */,
			);
			name = Pods;
			sourceTree = "<group>";
		};
/* End PBXGroup section */

/* Begin PBXNativeTarget section */
		A05DD80E1B0925670045D2F9 /* Process Planning */ = {
			isa = PBXNativeTarget;
			buildConfigurationList = A05DD8321B0925670045D2F9 /* Build configuration list for PBXNativeTarget "Process Planning" */;
			buildPhases = (
				5A307A6EB0E91A40B3D0246C /* Check Pods Manifest.lock */,
				A05DD80B1B0925670045D2F9 /* Sources */,
				A05DD80C1B0925670045D2F9 /* Frameworks */,
				A05DD80D1B0925670045D2F9 /* Resources */,
				750A5D0EA52040912BC677CF /* Copy Pods Resources */,
			);
			buildRules = (
			);
			dependencies = (
			);
			name = "Process Planning";
			productName = "Process Planning";
			productReference = A05DD80F1B0925670045D2F9 /* Process Planning.app */;
			productType = "com.apple.product-type.application";
		};
		A05DD8271B0925670045D2F9 /* Process PlanningTests */ = {
			isa = PBXNativeTarget;
			buildConfigurationList = A05DD8351B0925670045D2F9 /* Build configuration list for PBXNativeTarget "Process PlanningTests" */;
			buildPhases = (
				A05DD8241B0925670045D2F9 /* Sources */,
				A05DD8251B0925670045D2F9 /* Frameworks */,
				A05DD8261B0925670045D2F9 /* Resources */,
			);
			buildRules = (
			);
			dependencies = (
				A05DD82A1B0925670045D2F9 /* PBXTargetDependency */,
			);
			name = "Process PlanningTests";
			productName = "Process PlanningTests";
			productReference = A05DD8281B0925670045D2F9 /* Process PlanningTests.xctest */;
			productType = "com.apple.product-type.bundle.unit-test";
		};
/* End PBXNativeTarget section */

/* Begin PBXProject section */
		A05DD8071B0925670045D2F9 /* Project object */ = {
			isa = PBXProject;
			attributes = {
				LastUpgradeCheck = 0630;
				ORGANIZATIONNAME = "Luis Chávez";
				TargetAttributes = {
					A05DD80E1B0925670045D2F9 = {
						CreatedOnToolsVersion = 6.3.1;
					};
					A05DD8271B0925670045D2F9 = {
						CreatedOnToolsVersion = 6.3.1;
						TestTargetID = A05DD80E1B0925670045D2F9;
					};
				};
			};
			buildConfigurationList = A05DD80A1B0925670045D2F9 /* Build configuration list for PBXProject "Process Planning" */;
			compatibilityVersion = "Xcode 3.2";
			developmentRegion = English;
			hasScannedForEncodings = 0;
			knownRegions = (
				en,
				Base,
			);
			mainGroup = A05DD8061B0925670045D2F9;
			productRefGroup = A05DD8101B0925670045D2F9 /* Products */;
			projectDirPath = "";
			projectRoot = "";
			targets = (
				A05DD80E1B0925670045D2F9 /* Process Planning */,
				A05DD8271B0925670045D2F9 /* Process PlanningTests */,
			);
		};
/* End PBXProject section */

/* Begin PBXResourcesBuildPhase section */
		A05DD80D1B0925670045D2F9 /* Resources */ = {
			isa = PBXResourcesBuildPhase;
			buildActionMask = 2147483647;
			files = (
				A05DD81E1B0925670045D2F9 /* Main.storyboard in Resources */,
				A05DD8231B0925670045D2F9 /* LaunchScreen.xib in Resources */,
				A05DD8201B0925670045D2F9 /* Images.xcassets in Resources */,
			);
			runOnlyForDeploymentPostprocessing = 0;
		};
		A05DD8261B0925670045D2F9 /* Resources */ = {
			isa = PBXResourcesBuildPhase;
			buildActionMask = 2147483647;
			files = (
			);
			runOnlyForDeploymentPostprocessing = 0;
		};
/* End PBXResourcesBuildPhase section */

/* Begin PBXShellScriptBuildPhase section */
		5A307A6EB0E91A40B3D0246C /* Check Pods Manifest.lock */ = {
			isa = PBXShellScriptBuildPhase;
			buildActionMask = 2147483647;
			files = (
			);
			inputPaths = (
			);
			name = "Check Pods Manifest.lock";
			outputPaths = (
			);
			runOnlyForDeploymentPostprocessing = 0;
			shellPath = /bin/sh;
			shellScript = "diff \"${PODS_ROOT}/../Podfile.lock\" \"${PODS_ROOT}/Manifest.lock\" > /dev/null\nif [[ $? != 0 ]] ; then\n    cat << EOM\nerror: The sandbox is not in sync with the Podfile.lock. Run 'pod install' or update your CocoaPods installation.\nEOM\n    exit 1\nfi\n";
			showEnvVarsInLog = 0;
		};
		750A5D0EA52040912BC677CF /* Copy Pods Resources */ = {
			isa = PBXShellScriptBuildPhase;
			buildActionMask = 2147483647;
			files = (
			);
			inputPaths = (
			);
			name = "Copy Pods Resources";
			outputPaths = (
			);
			runOnlyForDeploymentPostprocessing = 0;
			shellPath = /bin/sh;
			shellScript = "\"${SRCROOT}/Pods/Target Support Files/Pods-Process Planning/Pods-Process Planning-resources.sh\"\n";
			showEnvVarsInLog = 0;
		};
/* End PBXShellScriptBuildPhase section */

/* Begin PBXSourcesBuildPhase section */
		A05DD80B1B0925670045D2F9 /* Sources */ = {
			isa = PBXSourcesBuildPhase;
			buildActionMask = 2147483647;
			files = (
				A05DD81B1B0925670045D2F9 /* ViewController.m in Sources */,
				A05DD8181B0925670045D2F9 /* AppDelegate.m in Sources */,
				A0BCAE511B0A592E00F431E7 /* ProcessListViewController.m in Sources */,
				A01FE4391B0938FA00E81F0B /* SetupPPViewController.m in Sources */,
				A02B23291B0B780500A66981 /* ProcessTimeSetupViewController.m in Sources */,
				A0107DD11B0BAC76007B94C6 /* ProcessManager.m in Sources */,
				A05DD8151B0925670045D2F9 /* main.m in Sources */,
				A01FE43E1B0942CD00E81F0B /* SwipeView.m in Sources */,
			);
			runOnlyForDeploymentPostprocessing = 0;
		};
		A05DD8241B0925670045D2F9 /* Sources */ = {
			isa = PBXSourcesBuildPhase;
			buildActionMask = 2147483647;
			files = (
				A05DD82F1B0925670045D2F9 /* Process_PlanningTests.m in Sources */,
			);
			runOnlyForDeploymentPostprocessing = 0;
		};
/* End PBXSourcesBuildPhase section */

/* Begin PBXTargetDependency section */
		A05DD82A1B0925670045D2F9 /* PBXTargetDependency */ = {
			isa = PBXTargetDependency;
			target = A05DD80E1B0925670045D2F9 /* Process Planning */;
			targetProxy = A05DD8291B0925670045D2F9 /* PBXContainerItemProxy */;
		};
/* End PBXTargetDependency section */

/* Begin PBXVariantGroup section */
		A05DD81C1B0925670045D2F9 /* Main.storyboard */ = {
			isa = PBXVariantGroup;
			children = (
				A05DD81D1B0925670045D2F9 /* Base */,
			);
			name = Main.storyboard;
			sourceTree = "<group>";
		};
		A05DD8211B0925670045D2F9 /* LaunchScreen.xib */ = {
			isa = PBXVariantGroup;
			children = (
				A05DD8221B0925670045D2F9 /* Base */,
			);
			name = LaunchScreen.xib;
			sourceTree = "<group>";
		};
/* End PBXVariantGroup section */

/* Begin XCBuildConfiguration section */
		A05DD8301B0925670045D2F9 /* Debug */ = {
			isa = XCBuildConfiguration;
			buildSettings = {
				ALWAYS_SEARCH_USER_PATHS = NO;
				CLANG_CXX_LANGUAGE_STANDARD = "gnu++0x";
				CLANG_CXX_LIBRARY = "libc++";
				CLANG_ENABLE_MODULES = YES;
				CLANG_ENABLE_OBJC_ARC = YES;
				CLANG_WARN_BOOL_CONVERSION = YES;
				CLANG_WARN_CONSTANT_CONVERSION = YES;
				CLANG_WARN_DIRECT_OBJC_ISA_USAGE = YES_ERROR;
				CLANG_WARN_EMPTY_BODY = YES;
				CLANG_WARN_ENUM_CONVERSION = YES;
				CLANG_WARN_INT_CONVERSION = YES;
				CLANG_WARN_OBJC_ROOT_CLASS = YES_ERROR;
				CLANG_WARN_UNREACHABLE_CODE = YES;
				CLANG_WARN__DUPLICATE_METHOD_MATCH = YES;
				"CODE_SIGN_IDENTITY[sdk=iphoneos*]" = "iPhone Developer";
				COPY_PHASE_STRIP = NO;
				DEBUG_INFORMATION_FORMAT = "dwarf-with-dsym";
				ENABLE_STRICT_OBJC_MSGSEND = YES;
				GCC_C_LANGUAGE_STANDARD = gnu99;
				GCC_DYNAMIC_NO_PIC = NO;
				GCC_NO_COMMON_BLOCKS = YES;
				GCC_OPTIMIZATION_LEVEL = 0;
				GCC_PREPROCESSOR_DEFINITIONS = (
					"DEBUG=1",
					"$(inherited)",
				);
				GCC_SYMBOLS_PRIVATE_EXTERN = NO;
				GCC_WARN_64_TO_32_BIT_CONVERSION = YES;
				GCC_WARN_ABOUT_RETURN_TYPE = YES_ERROR;
				GCC_WARN_UNDECLARED_SELECTOR = YES;
				GCC_WARN_UNINITIALIZED_AUTOS = YES_AGGRESSIVE;
				GCC_WARN_UNUSED_FUNCTION = YES;
				GCC_WARN_UNUSED_VARIABLE = YES;
				IPHONEOS_DEPLOYMENT_TARGET = 8.3;
				MTL_ENABLE_DEBUG_INFO = YES;
				ONLY_ACTIVE_ARCH = YES;
				SDKROOT = iphoneos;
				TARGETED_DEVICE_FAMILY = "1,2";
			};
			name = Debug;
		};
		A05DD8311B0925670045D2F9 /* Release */ = {
			isa = XCBuildConfiguration;
			buildSettings = {
				ALWAYS_SEARCH_USER_PATHS = NO;
				CLANG_CXX_LANGUAGE_STANDARD = "gnu++0x";
				CLANG_CXX_LIBRARY = "libc++";
				CLANG_ENABLE_MODULES = YES;
				CLANG_ENABLE_OBJC_ARC = YES;
				CLANG_WARN_BOOL_CONVERSION = YES;
				CLANG_WARN_CONSTANT_CONVERSION = YES;
				CLANG_WARN_DIRECT_OBJC_ISA_USAGE = YES_ERROR;
				CLANG_WARN_EMPTY_BODY = YES;
				CLANG_WARN_ENUM_CONVERSION = YES;
				CLANG_WARN_INT_CONVERSION = YES;
				CLANG_WARN_OBJC_ROOT_CLASS = YES_ERROR;
				CLANG_WARN_UNREACHABLE_CODE = YES;
				CLANG_WARN__DUPLICATE_METHOD_MATCH = YES;
				"CODE_SIGN_IDENTITY[sdk=iphoneos*]" = "iPhone Developer";
				COPY_PHASE_STRIP = NO;
				DEBUG_INFORMATION_FORMAT = "dwarf-with-dsym";
				ENABLE_NS_ASSERTIONS = NO;
				ENABLE_STRICT_OBJC_MSGSEND = YES;
				GCC_C_LANGUAGE_STANDARD = gnu99;
				GCC_NO_COMMON_BLOCKS = YES;
				GCC_WARN_64_TO_32_BIT_CONVERSION = YES;
				GCC_WARN_ABOUT_RETURN_TYPE = YES_ERROR;
				GCC_WARN_UNDECLARED_SELECTOR = YES;
				GCC_WARN_UNINITIALIZED_AUTOS = YES_AGGRESSIVE;
				GCC_WARN_UNUSED_FUNCTION = YES;
				GCC_WARN_UNUSED_VARIABLE = YES;
				IPHONEOS_DEPLOYMENT_TARGET = 8.3;
				MTL_ENABLE_DEBUG_INFO = NO;
				SDKROOT = iphoneos;
				TARGETED_DEVICE_FAMILY = "1,2";
				VALIDATE_PRODUCT = YES;
			};
			name = Release;
		};
		A05DD8331B0925670045D2F9 /* Debug */ = {
			isa = XCBuildConfiguration;
			baseConfigurationReference = A38D0E2FF5DA86A1E8A51624 /* Pods-Process Planning.debug.xcconfig */;
			buildSettings = {
				ASSETCATALOG_COMPILER_APPICON_NAME = AppIcon;
				INFOPLIST_FILE = "Process Planning/Info.plist";
				IPHONEOS_DEPLOYMENT_TARGET = 8.0;
				LD_RUNPATH_SEARCH_PATHS = "$(inherited) @executable_path/Frameworks";
				OTHER_LDFLAGS = (
					"$(inherited)",
					"-l\"Pods-Process Planning-INSElectronicProgramGuideLayout\"",
					"-l\"Pods-Process Planning-XLForm\"",
					"-framework",
					"\"CoreGraphics\"",
					"-framework",
					"\"Foundation\"",
					"-framework",
					"\"UIKit\"",
				);
				PRODUCT_NAME = "$(TARGET_NAME)";
			};
			name = Debug;
		};
		A05DD8341B0925670045D2F9 /* Release */ = {
			isa = XCBuildConfiguration;
			baseConfigurationReference = F391FB89EEC914A578D7DBFC /* Pods-Process Planning.release.xcconfig */;
			buildSettings = {
				ASSETCATALOG_COMPILER_APPICON_NAME = AppIcon;
				INFOPLIST_FILE = "Process Planning/Info.plist";
				IPHONEOS_DEPLOYMENT_TARGET = 8.0;
				LD_RUNPATH_SEARCH_PATHS = "$(inherited) @executable_path/Frameworks";
				OTHER_LDFLAGS = (
					"$(inherited)",
					"-l\"Pods-Process Planning-INSElectronicProgramGuideLayout\"",
					"-l\"Pods-Process Planning-XLForm\"",
					"-framework",
					"\"CoreGraphics\"",
					"-framework",
					"\"Foundation\"",
					"-framework",
					"\"UIKit\"",
				);
				PRODUCT_NAME = "$(TARGET_NAME)";
			};
			name = Release;
		};
		A05DD8361B0925670045D2F9 /* Debug */ = {
			isa = XCBuildConfiguration;
			buildSettings = {
				BUNDLE_LOADER = "$(TEST_HOST)";
				FRAMEWORK_SEARCH_PATHS = (
					"$(SDKROOT)/Developer/Library/Frameworks",
					"$(inherited)",
				);
				GCC_PREPROCESSOR_DEFINITIONS = (
					"DEBUG=1",
					"$(inherited)",
				);
				INFOPLIST_FILE = "Process PlanningTests/Info.plist";
				LD_RUNPATH_SEARCH_PATHS = "$(inherited) @executable_path/Frameworks @loader_path/Frameworks";
				PRODUCT_NAME = "$(TARGET_NAME)";
				TEST_HOST = "$(BUILT_PRODUCTS_DIR)/Process Planning.app/Process Planning";
			};
			name = Debug;
		};
		A05DD8371B0925670045D2F9 /* Release */ = {
			isa = XCBuildConfiguration;
			buildSettings = {
				BUNDLE_LOADER = "$(TEST_HOST)";
				FRAMEWORK_SEARCH_PATHS = (
					"$(SDKROOT)/Developer/Library/Frameworks",
					"$(inherited)",
				);
				INFOPLIST_FILE = "Process PlanningTests/Info.plist";
				LD_RUNPATH_SEARCH_PATHS = "$(inherited) @executable_path/Frameworks @loader_path/Frameworks";
				PRODUCT_NAME = "$(TARGET_NAME)";
				TEST_HOST = "$(BUILT_PRODUCTS_DIR)/Process Planning.app/Process Planning";
			};
			name = Release;
		};
/* End XCBuildConfiguration section */

/* Begin XCConfigurationList section */
		A05DD80A1B0925670045D2F9 /* Build configuration list for PBXProject "Process Planning" */ = {
			isa = XCConfigurationList;
			buildConfigurations = (
				A05DD8301B0925670045D2F9 /* Debug */,
				A05DD8311B0925670045D2F9 /* Release */,
			);
			defaultConfigurationIsVisible = 0;
			defaultConfigurationName = Release;
		};
		A05DD8321B0925670045D2F9 /* Build configuration list for PBXNativeTarget "Process Planning" */ = {
			isa = XCConfigurationList;
			buildConfigurations = (
				A05DD8331B0925670045D2F9 /* Debug */,
				A05DD8341B0925670045D2F9 /* Release */,
			);
			defaultConfigurationIsVisible = 0;
			defaultConfigurationName = Release;
		};
		A05DD8351B0925670045D2F9 /* Build configuration list for PBXNativeTarget "Process PlanningTests" */ = {
			isa = XCConfigurationList;
			buildConfigurations = (
				A05DD8361B0925670045D2F9 /* Debug */,
				A05DD8371B0925670045D2F9 /* Release */,
			);
			defaultConfigurationIsVisible = 0;
			defaultConfigurationName = Release;
		};
/* End XCConfigurationList section */
	};
	rootObject = A05DD8071B0925670045D2F9 /* Project object */;
}
